
Microsoft Visual Studio Solution File, Format Version 12.00
# Visual Studio Version 17
VisualStudioVersion = 17.9.34607.119
MinimumVisualStudioVersion = 10.0.40219.1
Project("{FAE04EC0-301F-11D3-BF4B-00C04F79EFBC}") = "Renderite2D_Project", "Renderite2D_Project\Renderite2D_Project.csproj", "{59F9848B-B30D-46B6-BF9F-5B16195F66F7}"
EndProject
Global
	GlobalSection(SolutionConfigurationPlatforms) = preSolution
		Debug|Any CPU = Debug|Any CPU
		Release|Any CPU = Release|Any CPU
	EndGlobalSection
	GlobalSection(ProjectConfigurationPlatforms) = postSolution
		{59F9848B-B30D-46B6-BF9F-5B16195F66F7}.Debug|Any CPU.ActiveCfg = Debug|Any CPU
		{59F9848B-B30D-46B6-BF9F-5B16195F66F7}.Debug|Any CPU.Build.0 = Debug|Any CPU
		{59F9848B-B30D-46B6-BF9F-5B16195F66F7}.Release|Any CPU.ActiveCfg = Release|Any CPU
		{59F9848B-B30D-46B6-BF9F-5B16195F66F7}.Release|Any CPU.Build.0 = Release|Any CPU
	EndGlobalSection
	GlobalSection(SolutionProperties) = preSolution
		HideSolutionNode = FALSE
	EndGlobalSection
	GlobalSection(ExtensibilityGlobals) = postSolution
		SolutionGuid = {2D230E86-5391-432A-8A91-8383232B8ED6}
	EndGlobalSection
EndGlobal
