
Microsoft Visual Studio Solution File, Format Version 12.00
# Visual Studio Version 17
VisualStudioVersion = 17.9.34607.119
MinimumVisualStudioVersion = 10.0.40219.1
Project("{9A19103F-16F7-4668-BE54-9A1E7A4F7556}") = "Renderite2D_Project", "Renderite2D_Project\Renderite2D_Project.csproj", "{59F9848B-B30D-46B6-BF9F-5B16195F66F7}"
EndProject
Project("{FAE04EC0-301F-11D3-BF4B-00C04F79EFBC}") = "Renderite2D Game Engine", "Renderite2D Game Engine\Renderite2D Game Engine.csproj", "{B1F99706-B1B7-4BAA-8CBF-C665A8FBAED2}"
EndProject
Project("{2150E333-8FDC-42A3-9474-1A3956D46DE8}") = "Solution Items", "Solution Items", "{EADF0574-4967-4E40-A666-9AC8C71C32D2}"
	ProjectSection(SolutionItems) = preProject
		.editorconfig = .editorconfig
	EndProjectSection
EndProject
Global
	GlobalSection(SolutionConfigurationPlatforms) = preSolution
		Debug|Any CPU = Debug|Any CPU
		Release|Any CPU = Release|Any CPU
	EndGlobalSection
	GlobalSection(ProjectConfigurationPlatforms) = postSolution
		{59F9848B-B30D-46B6-BF9F-5B16195F66F7}.Debug|Any CPU.ActiveCfg = Debug|Any CPU
		{59F9848B-B30D-46B6-BF9F-5B16195F66F7}.Debug|Any CPU.Build.0 = Debug|Any CPU
		{59F9848B-B30D-46B6-BF9F-5B16195F66F7}.Release|Any CPU.ActiveCfg = Release|Any CPU
		{59F9848B-B30D-46B6-BF9F-5B16195F66F7}.Release|Any CPU.Build.0 = Release|Any CPU
		{B1F99706-B1B7-4BAA-8CBF-C665A8FBAED2}.Debug|Any CPU.ActiveCfg = Debug|Any CPU
		{B1F99706-B1B7-4BAA-8CBF-C665A8FBAED2}.Debug|Any CPU.Build.0 = Debug|Any CPU
		{B1F99706-B1B7-4BAA-8CBF-C665A8FBAED2}.Release|Any CPU.ActiveCfg = Release|Any CPU
		{B1F99706-B1B7-4BAA-8CBF-C665A8FBAED2}.Release|Any CPU.Build.0 = Release|Any CPU
	EndGlobalSection
	GlobalSection(SolutionProperties) = preSolution
		HideSolutionNode = FALSE
	EndGlobalSection
	GlobalSection(ExtensibilityGlobals) = postSolution
		SolutionGuid = {2D230E86-5391-432A-8A91-8383232B8ED6}
	EndGlobalSection
EndGlobal
